{
  "name": "pocketnode",
  "version": "0.0.2",
  "lockfileVersion": 1,
  "requires": true,
  "dependencies": {
    "bytebuffer": {
      "version": "5.0.1",
      "resolved": "https://registry.npmjs.org/bytebuffer/-/bytebuffer-5.0.1.tgz",
      "integrity": "sha1-WC7qSxqHO20CCkjVjfhfC7ps/d0=",
      "requires": {
        "long": "3.2.0"
      }
    },
    "dgram": {
      "version": "1.0.1",
      "resolved": "https://registry.npmjs.org/dgram/-/dgram-1.0.1.tgz",
      "integrity": "sha1-N/OyAPgDOl/3WTAwicgc42G2UcM="
    },
    "long": {
      "version": "3.2.0",
      "resolved": "https://registry.npmjs.org/long/-/long-3.2.0.tgz",
      "integrity": "sha1-2CG3E4yhy1gcFymQ7xTbIAtcR0s="
    },
    "raknet": {
      "version": "git+https://github.com/PocketNode/RakNet.git#ac7050c8ceb7cf3a7abbfe1448c9f379ff303c7d",
      "requires": {
        "bytebuffer": "5.0.1",
        "dgram": "1.0.1"
      }
    },
    "time-stamp": {
      "version": "2.0.0",
      "resolved": "https://registry.npmjs.org/time-stamp/-/time-stamp-2.0.0.tgz",
      "integrity": "sha1-lcakRTDhW6jW9KPsuMOj+sRto1c="
    }
  }
}
